{
  "name": "bifrost-with-opencode",
  "lockfileVersion": 3,
  "requires": true,
  "packages": {
    "": {
      "dependencies": {
        "headroom-ai": "^0.22.4"
      }
    },
    "node_modules/headroom-ai": {
      "version": "0.22.4",
      "resolved": "https://registry.npmjs.org/headroom-ai/-/headroom-ai-0.22.4.tgz",
      "integrity": "sha512-9a0rgB/jsWe8gs/ggyUwe6E8DYwKAuBvlUml2ApwlUjb5EfJ611X6X+WG0SiXw3nO6sdyV1/+Ah5uw9P7ecnjw==",
      "license": "Apache-2.0",
      "engines": {
        "node": ">=18.0.0"
      },
      "peerDependencies": {
        "@ai-sdk/provider": ">=1.0.0",
        "@anthropic-ai/sdk": ">=0.30.0",
        "ai": ">=6.0.0",
        "openai": ">=4.0.0"
      },
      "peerDependenciesMeta": {
        "@ai-sdk/provider": {
          "optional": true
        },
        "@anthropic-ai/sdk": {
          "optional": true
        },
        "ai": {
          "optional": true
        },
        "openai": {
          "optional": true
        }
      }
    }
  }
}
