# skills.lock — generated and maintained by skil-lock. Do not hand-edit.
# Commit this file. PR reviewers will see capability deltas inline.

schema_version: "0.1"
generated_at: 2026-06-05T12:05:22Z
generated_by: skil-lock 0.1.2
skills:
  grill-me:
    runtime: claude
    source_path: .claude/skills/grill-me/SKILL.md
    version: ""
    content_hash: sha256:74147eb6010a65957efef2b9e0f0b3ff935c1def7fc117697151b1d0f3610556
    behavior:
      shell_commands: []
      network_urls: []
      file_reads: []
      file_writes: []
      allowed_tools: []
      bundled_scripts: []
